
Microsoft Visual Studio Solution File, Format Version 12.00
# Visual Studio Version 17
VisualStudioVersion = 17.2.32526.322
MinimumVisualStudioVersion = 10.0.40219.1
Project("{FAE04EC0-301F-11D3-BF4B-00C04F79EFBC}") = "ScreenProject", "ScreenProject\ScreenProject.csproj", "{D7838044-13A3-4916-9934-641F8C1EAC7C}"
EndProject
Global
	GlobalSection(SolutionConfigurationPlatforms) = preSolution
		Debug|Any CPU = Debug|Any CPU
		Release|Any CPU = Release|Any CPU
	EndGlobalSection
	GlobalSection(ProjectConfigurationPlatforms) = postSolution
		{D7838044-13A3-4916-9934-641F8C1EAC7C}.Debug|Any CPU.ActiveCfg = Debug|Any CPU
		{D7838044-13A3-4916-9934-641F8C1EAC7C}.Debug|Any CPU.Build.0 = Debug|Any CPU
		{D7838044-13A3-4916-9934-641F8C1EAC7C}.Release|Any CPU.ActiveCfg = Release|Any CPU
		{D7838044-13A3-4916-9934-641F8C1EAC7C}.Release|Any CPU.Build.0 = Release|Any CPU
	EndGlobalSection
	GlobalSection(SolutionProperties) = preSolution
		HideSolutionNode = FALSE
	EndGlobalSection
	GlobalSection(ExtensibilityGlobals) = postSolution
		SolutionGuid = {BCBF9672-D27B-4A84-AC3C-877899AC84AA}
	EndGlobalSection
EndGlobal
